// !$*UTF8*$!
{
	archiveVersion = 1;
	classes = {
	};
	objectVersion = 50;
	objects = {

/* Begin PBXBuildFile section */
		B9913C7F25E3454300C059DF /* Tests_iOS.swift in Sources */ = {isa = PBXBuildFile; fileRef = B9913C7E25E3454300C059DF /* Tests_iOS.swift */; };
		B9913C8A25E3454300C059DF /* Tests_macOS.swift in Sources */ = {isa = PBXBuildFile; fileRef = B9913C8925E3454300C059DF /* Tests_macOS.swift */; };
		B9913C8C25E3454300C059DF /* iExpenseApp.swift in Sources */ = {isa = PBXBuildFile; fileRef = B9913C6325E3454200C059DF /* iExpenseApp.swift */; };
		B9913C8D25E3454300C059DF /* iExpenseApp.swift in Sources */ = {isa = PBXBuildFile; fileRef = B9913C6325E3454200C059DF /* iExpenseApp.swift */; };
		B9913C8E25E3454300C059DF /* ContentView.swift in Sources */ = {isa = PBXBuildFile; fileRef = B9913C6425E3454200C059DF /* ContentView.swift */; };
		B9913C8F25E3454300C059DF /* ContentView.swift in Sources */ = {isa = PBXBuildFile; fileRef = B9913C6425E3454200C059DF /* ContentView.swift */; };
		B9913C9025E3454300C059DF /* Assets.xcassets in Resources */ = {isa = PBXBuildFile; fileRef = B9913C6525E3454300C059DF /* Assets.xcassets */; };
		B9913C9125E3454300C059DF /* Assets.xcassets in Resources */ = {isa = PBXBuildFile; fileRef = B9913C6525E3454300C059DF /* Assets.xcassets */; };
		B9DF2A8325E4134C00F1BCC9 /* AddView.swift in Sources */ = {isa = PBXBuildFile; fileRef = B9DF2A8225E4134C00F1BCC9 /* AddView.swift */; };
		B9DF2A8425E4134C00F1BCC9 /* AddView.swift in Sources */ = {isa = PBXBuildFile; fileRef = B9DF2A8225E4134C00F1BCC9 /* AddView.swift */; };
/* End PBXBuildFile section */

/* Begin PBXContainerItemProxy section */
		B9913C7B25E3454300C059DF /* PBXContainerItemProxy */ = {
			isa = PBXContainerItemProxy;
			containerPortal = B9913C5E25E3454200C059DF /* Project object */;
			proxyType = 1;
			remoteGlobalIDString = B9913C6925E3454300C059DF;
			remoteInfo = "iExpense (iOS)";
		};
		B9913C8625E3454300C059DF /* PBXContainerItemProxy */ = {
			isa = PBXContainerItemProxy;
			containerPortal = B9913C5E25E3454200C059DF /* Project object */;
			proxyType = 1;
			remoteGlobalIDString = B9913C7125E3454300C059DF;
			remoteInfo = "iExpense (macOS)";
		};
/* End PBXContainerItemProxy section */

/* Begin PBXFileReference section */
		B9913C6325E3454200C059DF /* iExpenseApp.swift */ = {isa = PBXFileReference; lastKnownFileType = sourcecode.swift; path = iExpenseApp.swift; sourceTree = "<group>"; };
		B9913C6425E3454200C059DF /* ContentView.swift */ = {isa = PBXFileReference; lastKnownFileType = sourcecode.swift; path = ContentView.swift; sourceTree = "<group>"; };
		B9913C6525E3454300C059DF /* Assets.xcassets */ = {isa = PBXFileReference; lastKnownFileType = folder.assetcatalog; path = Assets.xcassets; sourceTree = "<group>"; };
		B9913C6A25E3454300C059DF /* iExpense.app */ = {isa = PBXFileReference; explicitFileType = wrapper.application; includeInIndex = 0; path = iExpense.app; sourceTree = BUILT_PRODUCTS_DIR; };
		B9913C6D25E3454300C059DF /* Info.plist */ = {isa = PBXFileReference; lastKnownFileType = text.plist.xml; path = Info.plist; sourceTree = "<group>"; };
		B9913C7225E3454300C059DF /* iExpense.app */ = {isa = PBXFileReference; explicitFileType = wrapper.application; includeInIndex = 0; path = iExpense.app; sourceTree = BUILT_PRODUCTS_DIR; };
		B9913C7425E3454300C059DF /* Info.plist */ = {isa = PBXFileReference; lastKnownFileType = text.plist.xml; path = Info.plist; sourceTree = "<group>"; };
		B9913C7525E3454300C059DF /* macOS.entitlements */ = {isa = PBXFileReference; lastKnownFileType = text.plist.entitlements; path = macOS.entitlements; sourceTree = "<group>"; };
		B9913C7A25E3454300C059DF /* Tests iOS.xctest */ = {isa = PBXFileReference; explicitFileType = wrapper.cfbundle; includeInIndex = 0; path = "Tests iOS.xctest"; sourceTree = BUILT_PRODUCTS_DIR; };
		B9913C7E25E3454300C059DF /* Tests_iOS.swift */ = {isa = PBXFileReference; lastKnownFileType = sourcecode.swift; path = Tests_iOS.swift; sourceTree = "<group>"; };
		B9913C8025E3454300C059DF /* Info.plist */ = {isa = PBXFileReference; lastKnownFileType = text.plist.xml; path = Info.plist; sourceTree = "<group>"; };
		B9913C8525E3454300C059DF /* Tests macOS.xctest */ = {isa = PBXFileReference; explicitFileType = wrapper.cfbundle; includeInIndex = 0; path = "Tests macOS.xctest"; sourceTree = BUILT_PRODUCTS_DIR; };
		B9913C8925E3454300C059DF /* Tests_macOS.swift */ = {isa = PBXFileReference; lastKnownFileType = sourcecode.swift; path = Tests_macOS.swift; sourceTree = "<group>"; };
		B9913C8B25E3454300C059DF /* Info.plist */ = {isa = PBXFileReference; lastKnownFileType = text.plist.xml; path = Info.plist; sourceTree = "<group>"; };
		B9DF2A8225E4134C00F1BCC9 /* AddView.swift */ = {isa = PBXFileReference; lastKnownFileType = sourcecode.swift; path = AddView.swift; sourceTree = "<group>"; };
/* End PBXFileReference section */

/* Begin PBXFrameworksBuildPhase section */
		B9913C6725E3454300C059DF /* Frameworks */ = {
			isa = PBXFrameworksBuildPhase;
			buildActionMask = 2147483647;
			files = (
			);
			runOnlyForDeploymentPostprocessing = 0;
		};
		B9913C6F25E3454300C059DF /* Frameworks */ = {
			isa = PBXFrameworksBuildPhase;
			buildActionMask = 2147483647;
			files = (
			);
			runOnlyForDeploymentPostprocessing = 0;
		};
		B9913C7725E3454300C059DF /* Frameworks */ = {
			isa = PBXFrameworksBuildPhase;
			buildActionMask = 2147483647;
			files = (
			);
			runOnlyForDeploymentPostprocessing = 0;
		};
		B9913C8225E3454300C059DF /* Frameworks */ = {
			isa = PBXFrameworksBuildPhase;
			buildActionMask = 2147483647;
			files = (
			);
			runOnlyForDeploymentPostprocessing = 0;
		};
/* End PBXFrameworksBuildPhase section */

/* Begin PBXGroup section */
		B9913C5D25E3454200C059DF = {
			isa = PBXGroup;
			children = (
				B9913C6225E3454200C059DF /* Shared */,
				B9913C6C25E3454300C059DF /* iOS */,
				B9913C7325E3454300C059DF /* macOS */,
				B9913C7D25E3454300C059DF /* Tests iOS */,
				B9913C8825E3454300C059DF /* Tests macOS */,
				B9913C6B25E3454300C059DF /* Products */,
			);
			sourceTree = "<group>";
		};
		B9913C6225E3454200C059DF /* Shared */ = {
			isa = PBXGroup;
			children = (
				B9913C6325E3454200C059DF /* iExpenseApp.swift */,
				B9913C6425E3454200C059DF /* ContentView.swift */,
				B9DF2A8225E4134C00F1BCC9 /* AddView.swift */,
				B9913C6525E3454300C059DF /* Assets.xcassets */,
			);
			path = Shared;
			sourceTree = "<group>";
		};
		B9913C6B25E3454300C059DF /* Products */ = {
			isa = PBXGroup;
			children = (
				B9913C6A25E3454300C059DF /* iExpense.app */,
				B9913C7225E3454300C059DF /* iExpense.app */,
				B9913C7A25E3454300C059DF /* Tests iOS.xctest */,
				B9913C8525E3454300C059DF /* Tests macOS.xctest */,
			);
			name = Products;
			sourceTree = "<group>";
		};
		B9913C6C25E3454300C059DF /* iOS */ = {
			isa = PBXGroup;
			children = (
				B9913C6D25E3454300C059DF /* Info.plist */,
			);
			path = iOS;
			sourceTree = "<group>";
		};
		B9913C7325E3454300C059DF /* macOS */ = {
			isa = PBXGroup;
			children = (
				B9913C7425E3454300C059DF /* Info.plist */,
				B9913C7525E3454300C059DF /* macOS.entitlements */,
			);
			path = macOS;
			sourceTree = "<group>";
		};
		B9913C7D25E3454300C059DF /* Tests iOS */ = {
			isa = PBXGroup;
			children = (
				B9913C7E25E3454300C059DF /* Tests_iOS.swift */,
				B9913C8025E3454300C059DF /* Info.plist */,
			);
			path = "Tests iOS";
			sourceTree = "<group>";
		};
		B9913C8825E3454300C059DF /* Tests macOS */ = {
			isa = PBXGroup;
			children = (
				B9913C8925E3454300C059DF /* Tests_macOS.swift */,
				B9913C8B25E3454300C059DF /* Info.plist */,
			);
			path = "Tests macOS";
			sourceTree = "<group>";
		};
/* End PBXGroup section */

/* Begin PBXNativeTarget section */
		B9913C6925E3454300C059DF /* iExpense (iOS) */ = {
			isa = PBXNativeTarget;
			buildConfigurationList = B9913C9425E3454300C059DF /* Build configuration list for PBXNativeTarget "iExpense (iOS)" */;
			buildPhases = (
				B9913C6625E3454300C059DF /* Sources */,
				B9913C6725E3454300C059DF /* Frameworks */,
				B9913C6825E3454300C059DF /* Resources */,
			);
			buildRules = (
			);
			dependencies = (
			);
			name = "iExpense (iOS)";
			productName = "iExpense (iOS)";
			productReference = B9913C6A25E3454300C059DF /* iExpense.app */;
			productType = "com.apple.product-type.application";
		};
		B9913C7125E3454300C059DF /* iExpense (macOS) */ = {
			isa = PBXNativeTarget;
			buildConfigurationList = B9913C9725E3454300C059DF /* Build configuration list for PBXNativeTarget "iExpense (macOS)" */;
			buildPhases = (
				B9913C6E25E3454300C059DF /* Sources */,
				B9913C6F25E3454300C059DF /* Frameworks */,
				B9913C7025E3454300C059DF /* Resources */,
			);
			buildRules = (
			);
			dependencies = (
			);
			name = "iExpense (macOS)";
			productName = "iExpense (macOS)";
			productReference = B9913C7225E3454300C059DF /* iExpense.app */;
			productType = "com.apple.product-type.application";
		};
		B9913C7925E3454300C059DF /* Tests iOS */ = {
			isa = PBXNativeTarget;
			buildConfigurationList = B9913C9A25E3454300C059DF /* Build configuration list for PBXNativeTarget "Tests iOS" */;
			buildPhases = (
				B9913C7625E3454300C059DF /* Sources */,
				B9913C7725E3454300C059DF /* Frameworks */,
				B9913C7825E3454300C059DF /* Resources */,
			);
			buildRules = (
			);
			dependencies = (
				B9913C7C25E3454300C059DF /* PBXTargetDependency */,
			);
			name = "Tests iOS";
			productName = "Tests iOS";
			productReference = B9913C7A25E3454300C059DF /* Tests iOS.xctest */;
			productType = "com.apple.product-type.bundle.ui-testing";
		};
		B9913C8425E3454300C059DF /* Tests macOS */ = {
			isa = PBXNativeTarget;
			buildConfigurationList = B9913C9D25E3454300C059DF /* Build configuration list for PBXNativeTarget "Tests macOS" */;
			buildPhases = (
				B9913C8125E3454300C059DF /* Sources */,
				B9913C8225E3454300C059DF /* Frameworks */,
				B9913C8325E3454300C059DF /* Resources */,
			);
			buildRules = (
			);
			dependencies = (
				B9913C8725E3454300C059DF /* PBXTargetDependency */,
			);
			name = "Tests macOS";
			productName = "Tests macOS";
			productReference = B9913C8525E3454300C059DF /* Tests macOS.xctest */;
			productType = "com.apple.product-type.bundle.ui-testing";
		};
/* End PBXNativeTarget section */

/* Begin PBXProject section */
		B9913C5E25E3454200C059DF /* Project object */ = {
			isa = PBXProject;
			attributes = {
				LastSwiftUpdateCheck = 1240;
				LastUpgradeCheck = 1240;
				TargetAttributes = {
					B9913C6925E3454300C059DF = {
						CreatedOnToolsVersion = 12.4;
					};
					B9913C7125E3454300C059DF = {
						CreatedOnToolsVersion = 12.4;
					};
					B9913C7925E3454300C059DF = {
						CreatedOnToolsVersion = 12.4;
						TestTargetID = B9913C6925E3454300C059DF;
					};
					B9913C8425E3454300C059DF = {
						CreatedOnToolsVersion = 12.4;
						TestTargetID = B9913C7125E3454300C059DF;
					};
				};
			};
			buildConfigurationList = B9913C6125E3454200C059DF /* Build configuration list for PBXProject "iExpense" */;
			compatibilityVersion = "Xcode 9.3";
			developmentRegion = en;
			hasScannedForEncodings = 0;
			knownRegions = (
				en,
				Base,
			);
			mainGroup = B9913C5D25E3454200C059DF;
			productRefGroup = B9913C6B25E3454300C059DF /* Products */;
			projectDirPath = "";
			projectRoot = "";
			targets = (
				B9913C6925E3454300C059DF /* iExpense (iOS) */,
				B9913C7125E3454300C059DF /* iExpense (macOS) */,
				B9913C7925E3454300C059DF /* Tests iOS */,
				B9913C8425E3454300C059DF /* Tests macOS */,
			);
		};
/* End PBXProject section */

/* Begin PBXResourcesBuildPhase section */
		B9913C6825E3454300C059DF /* Resources */ = {
			isa = PBXResourcesBuildPhase;
			buildActionMask = 2147483647;
			files = (
				B9913C9025E3454300C059DF /* Assets.xcassets in Resources */,
			);
			runOnlyForDeploymentPostprocessing = 0;
		};
		B9913C7025E3454300C059DF /* Resources */ = {
			isa = PBXResourcesBuildPhase;
			buildActionMask = 2147483647;
			files = (
				B9913C9125E3454300C059DF /* Assets.xcassets in Resources */,
			);
			runOnlyForDeploymentPostprocessing = 0;
		};
		B9913C7825E3454300C059DF /* Resources */ = {
			isa = PBXResourcesBuildPhase;
			buildActionMask = 2147483647;
			files = (
			);
			runOnlyForDeploymentPostprocessing = 0;
		};
		B9913C8325E3454300C059DF /* Resources */ = {
			isa = PBXResourcesBuildPhase;
			buildActionMask = 2147483647;
			files = (
			);
			runOnlyForDeploymentPostprocessing = 0;
		};
/* End PBXResourcesBuildPhase section */

/* Begin PBXSourcesBuildPhase section */
		B9913C6625E3454300C059DF /* Sources */ = {
			isa = PBXSourcesBuildPhase;
			buildActionMask = 2147483647;
			files = (
				B9913C8E25E3454300C059DF /* ContentView.swift in Sources */,
				B9913C8C25E3454300C059DF /* iExpenseApp.swift in Sources */,
				B9DF2A8325E4134C00F1BCC9 /* AddView.swift in Sources */,
			);
			runOnlyForDeploymentPostprocessing = 0;
		};
		B9913C6E25E3454300C059DF /* Sources */ = {
			isa = PBXSourcesBuildPhase;
			buildActionMask = 2147483647;
			files = (
				B9913C8F25E3454300C059DF /* ContentView.swift in Sources */,
				B9913C8D25E3454300C059DF /* iExpenseApp.swift in Sources */,
				B9DF2A8425E4134C00F1BCC9 /* AddView.swift in Sources */,
			);
			runOnlyForDeploymentPostprocessing = 0;
		};
		B9913C7625E3454300C059DF /* Sources */ = {
			isa = PBXSourcesBuildPhase;
			buildActionMask = 2147483647;
			files = (
				B9913C7F25E3454300C059DF /* Tests_iOS.swift in Sources */,
			);
			runOnlyForDeploymentPostprocessing = 0;
		};
		B9913C8125E3454300C059DF /* Sources */ = {
			isa = PBXSourcesBuildPhase;
			buildActionMask = 2147483647;
			files = (
				B9913C8A25E3454300C059DF /* Tests_macOS.swift in Sources */,
			);
			runOnlyForDeploymentPostprocessing = 0;
		};
/* End PBXSourcesBuildPhase section */

/* Begin PBXTargetDependency section */
		B9913C7C25E3454300C059DF /* PBXTargetDependency */ = {
			isa = PBXTargetDependency;
			target = B9913C6925E3454300C059DF /* iExpense (iOS) */;
			targetProxy = B9913C7B25E3454300C059DF /* PBXContainerItemProxy */;
		};
		B9913C8725E3454300C059DF /* PBXTargetDependency */ = {
			isa = PBXTargetDependency;
			target = B9913C7125E3454300C059DF /* iExpense (macOS) */;
			targetProxy = B9913C8625E3454300C059DF /* PBXContainerItemProxy */;
		};
/* End PBXTargetDependency section */

/* Begin XCBuildConfiguration section */
		B9913C9225E3454300C059DF /* Debug */ = {
			isa = XCBuildConfiguration;
			buildSettings = {
				ALWAYS_SEARCH_USER_PATHS = NO;
				CLANG_ANALYZER_NONNULL = YES;
				CLANG_ANALYZER_NUMBER_OBJECT_CONVERSION = YES_AGGRESSIVE;
				CLANG_CXX_LANGUAGE_STANDARD = "gnu++14";
				CLANG_CXX_LIBRARY = "libc++";
				CLANG_ENABLE_MODULES = YES;
				CLANG_ENABLE_OBJC_ARC = YES;
				CLANG_ENABLE_OBJC_WEAK = YES;
				CLANG_WARN_BLOCK_CAPTURE_AUTORELEASING = YES;
				CLANG_WARN_BOOL_CONVERSION = YES;
				CLANG_WARN_COMMA = YES;
				CLANG_WARN_CONSTANT_CONVERSION = YES;
				CLANG_WARN_DEPRECATED_OBJC_IMPLEMENTATIONS = YES;
				CLANG_WARN_DIRECT_OBJC_ISA_USAGE = YES_ERROR;
				CLANG_WARN_DOCUMENTATION_COMMENTS = YES;
				CLANG_WARN_EMPTY_BODY = YES;
				CLANG_WARN_ENUM_CONVERSION = YES;
				CLANG_WARN_INFINITE_RECURSION = YES;
				CLANG_WARN_INT_CONVERSION = YES;
				CLANG_WARN_NON_LITERAL_NULL_CONVERSION = YES;
				CLANG_WARN_OBJC_IMPLICIT_RETAIN_SELF = YES;
				CLANG_WARN_OBJC_LITERAL_CONVERSION = YES;
				CLANG_WARN_OBJC_ROOT_CLASS = YES_ERROR;
				CLANG_WARN_QUOTED_INCLUDE_IN_FRAMEWORK_HEADER = YES;
				CLANG_WARN_RANGE_LOOP_ANALYSIS = YES;
				CLANG_WARN_STRICT_PROTOTYPES = YES;
				CLANG_WARN_SUSPICIOUS_MOVE = YES;
				CLANG_WARN_UNGUARDED_AVAILABILITY = YES_AGGRESSIVE;
				CLANG_WARN_UNREACHABLE_CODE = YES;
				CLANG_WARN__DUPLICATE_METHOD_MATCH = YES;
				COPY_PHASE_STRIP = NO;
				DEBUG_INFORMATION_FORMAT = dwarf;
				ENABLE_STRICT_OBJC_MSGSEND = YES;
				ENABLE_TESTABILITY = YES;
				GCC_C_LANGUAGE_STANDARD = gnu11;
				GCC_DYNAMIC_NO_PIC = NO;
				GCC_NO_COMMON_BLOCKS = YES;
				GCC_OPTIMIZATION_LEVEL = 0;
				GCC_PREPROCESSOR_DEFINITIONS = (
					"DEBUG=1",
					"$(inherited)",
				);
				GCC_WARN_64_TO_32_BIT_CONVERSION = YES;
				GCC_WARN_ABOUT_RETURN_TYPE = YES_ERROR;
				GCC_WARN_UNDECLARED_SELECTOR = YES;
				GCC_WARN_UNINITIALIZED_AUTOS = YES_AGGRESSIVE;
				GCC_WARN_UNUSED_FUNCTION = YES;
				GCC_WARN_UNUSED_VARIABLE = YES;
				MTL_ENABLE_DEBUG_INFO = INCLUDE_SOURCE;
				MTL_FAST_MATH = YES;
				ONLY_ACTIVE_ARCH = YES;
				SWIFT_ACTIVE_COMPILATION_CONDITIONS = DEBUG;
				SWIFT_OPTIMIZATION_LEVEL = "-Onone";
			};
			name = Debug;
		};
		B9913C9325E3454300C059DF /* Release */ = {
			isa = XCBuildConfiguration;
			buildSettings = {
				ALWAYS_SEARCH_USER_PATHS = NO;
				CLANG_ANALYZER_NONNULL = YES;
				CLANG_ANALYZER_NUMBER_OBJECT_CONVERSION = YES_AGGRESSIVE;
				CLANG_CXX_LANGUAGE_STANDARD = "gnu++14";
				CLANG_CXX_LIBRARY = "libc++";
				CLANG_ENABLE_MODULES = YES;
				CLANG_ENABLE_OBJC_ARC = YES;
				CLANG_ENABLE_OBJC_WEAK = YES;
				CLANG_WARN_BLOCK_CAPTURE_AUTORELEASING = YES;
				CLANG_WARN_BOOL_CONVERSION = YES;
				CLANG_WARN_COMMA = YES;
				CLANG_WARN_CONSTANT_CONVERSION = YES;
				CLANG_WARN_DEPRECATED_OBJC_IMPLEMENTATIONS = YES;
				CLANG_WARN_DIRECT_OBJC_ISA_USAGE = YES_ERROR;
				CLANG_WARN_DOCUMENTATION_COMMENTS = YES;
				CLANG_WARN_EMPTY_BODY = YES;
				CLANG_WARN_ENUM_CONVERSION = YES;
				CLANG_WARN_INFINITE_RECURSION = YES;
				CLANG_WARN_INT_CONVERSION = YES;
				CLANG_WARN_NON_LITERAL_NULL_CONVERSION = YES;
				CLANG_WARN_OBJC_IMPLICIT_RETAIN_SELF = YES;
				CLANG_WARN_OBJC_LITERAL_CONVERSION = YES;
				CLANG_WARN_OBJC_ROOT_CLASS = YES_ERROR;
				CLANG_WARN_QUOTED_INCLUDE_IN_FRAMEWORK_HEADER = YES;
				CLANG_WARN_RANGE_LOOP_ANALYSIS = YES;
				CLANG_WARN_STRICT_PROTOTYPES = YES;
				CLANG_WARN_SUSPICIOUS_MOVE = YES;
				CLANG_WARN_UNGUARDED_AVAILABILITY = YES_AGGRESSIVE;
				CLANG_WARN_UNREACHABLE_CODE = YES;
				CLANG_WARN__DUPLICATE_METHOD_MATCH = YES;
				COPY_PHASE_STRIP = NO;
				DEBUG_INFORMATION_FORMAT = "dwarf-with-dsym";
				ENABLE_NS_ASSERTIONS = NO;
				ENABLE_STRICT_OBJC_MSGSEND = YES;
				GCC_C_LANGUAGE_STANDARD = gnu11;
				GCC_NO_COMMON_BLOCKS = YES;
				GCC_WARN_64_TO_32_BIT_CONVERSION = YES;
				GCC_WARN_ABOUT_RETURN_TYPE = YES_ERROR;
				GCC_WARN_UNDECLARED_SELECTOR = YES;
				GCC_WARN_UNINITIALIZED_AUTOS = YES_AGGRESSIVE;
				GCC_WARN_UNUSED_FUNCTION = YES;
				GCC_WARN_UNUSED_VARIABLE = YES;
				MTL_ENABLE_DEBUG_INFO = NO;
				MTL_FAST_MATH = YES;
				SWIFT_COMPILATION_MODE = wholemodule;
				SWIFT_OPTIMIZATION_LEVEL = "-O";
			};
			name = Release;
		};
		B9913C9525E3454300C059DF /* Debug */ = {
			isa = XCBuildConfiguration;
			buildSettings = {
				ASSETCATALOG_COMPILER_APPICON_NAME = AppIcon;
				ASSETCATALOG_COMPILER_GLOBAL_ACCENT_COLOR_NAME = AccentColor;
				CODE_SIGN_STYLE = Automatic;
				DEVELOPMENT_TEAM = MG77MU456K;
				ENABLE_PREVIEWS = YES;
				INFOPLIST_FILE = iOS/Info.plist;
				IPHONEOS_DEPLOYMENT_TARGET = 14.0;
				LD_RUNPATH_SEARCH_PATHS = (
					"$(inherited)",
					"@executable_path/Frameworks",
				);
				PRODUCT_BUNDLE_IDENTIFIER = com.example.iExpense;
				PRODUCT_NAME = iExpense;
				SDKROOT = iphoneos;
				SWIFT_VERSION = 5.0;
				TARGETED_DEVICE_FAMILY = "1,2";
			};
			name = Debug;
		};
		B9913C9625E3454300C059DF /* Release */ = {
			isa = XCBuildConfiguration;
			buildSettings = {
				ASSETCATALOG_COMPILER_APPICON_NAME = AppIcon;
				ASSETCATALOG_COMPILER_GLOBAL_ACCENT_COLOR_NAME = AccentColor;
				CODE_SIGN_STYLE = Automatic;
				DEVELOPMENT_TEAM = MG77MU456K;
				ENABLE_PREVIEWS = YES;
				INFOPLIST_FILE = iOS/Info.plist;
				IPHONEOS_DEPLOYMENT_TARGET = 14.0;
				LD_RUNPATH_SEARCH_PATHS = (
					"$(inherited)",
					"@executable_path/Frameworks",
				);
				PRODUCT_BUNDLE_IDENTIFIER = com.example.iExpense;
				PRODUCT_NAME = iExpense;
				SDKROOT = iphoneos;
				SWIFT_VERSION = 5.0;
				TARGETED_DEVICE_FAMILY = "1,2";
				VALIDATE_PRODUCT = YES;
			};
			name = Release;
		};
		B9913C9825E3454300C059DF /* Debug */ = {
			isa = XCBuildConfiguration;
			buildSettings = {
				ASSETCATALOG_COMPILER_APPICON_NAME = AppIcon;
				ASSETCATALOG_COMPILER_GLOBAL_ACCENT_COLOR_NAME = AccentColor;
				CODE_SIGN_ENTITLEMENTS = macOS/macOS.entitlements;
				CODE_SIGN_STYLE = Automatic;
				COMBINE_HIDPI_IMAGES = YES;
				DEVELOPMENT_TEAM = MG77MU456K;
				ENABLE_HARDENED_RUNTIME = YES;
				ENABLE_PREVIEWS = YES;
				INFOPLIST_FILE = macOS/Info.plist;
				LD_RUNPATH_SEARCH_PATHS = (
					"$(inherited)",
					"@executable_path/../Frameworks",
				);
				MACOSX_DEPLOYMENT_TARGET = 11.0;
				PRODUCT_BUNDLE_IDENTIFIER = com.example.iExpense;
				PRODUCT_NAME = iExpense;
				SDKROOT = macosx;
				SWIFT_VERSION = 5.0;
			};
			name = Debug;
		};
		B9913C9925E3454300C059DF /* Release */ = {
			isa = XCBuildConfiguration;
			buildSettings = {
				ASSETCATALOG_COMPILER_APPICON_NAME = AppIcon;
				ASSETCATALOG_COMPILER_GLOBAL_ACCENT_COLOR_NAME = AccentColor;
				CODE_SIGN_ENTITLEMENTS = macOS/macOS.entitlements;
				CODE_SIGN_STYLE = Automatic;
				COMBINE_HIDPI_IMAGES = YES;
				DEVELOPMENT_TEAM = MG77MU456K;
				ENABLE_HARDENED_RUNTIME = YES;
				ENABLE_PREVIEWS = YES;
				INFOPLIST_FILE = macOS/Info.plist;
				LD_RUNPATH_SEARCH_PATHS = (
					"$(inherited)",
					"@executable_path/../Frameworks",
				);
				MACOSX_DEPLOYMENT_TARGET = 11.0;
				PRODUCT_BUNDLE_IDENTIFIER = com.example.iExpense;
				PRODUCT_NAME = iExpense;
				SDKROOT = macosx;
				SWIFT_VERSION = 5.0;
			};
			name = Release;
		};
		B9913C9B25E3454300C059DF /* Debug */ = {
			isa = XCBuildConfiguration;
			buildSettings = {
				ALWAYS_EMBED_SWIFT_STANDARD_LIBRARIES = YES;
				CODE_SIGN_STYLE = Automatic;
				DEVELOPMENT_TEAM = MG77MU456K;
				INFOPLIST_FILE = "Tests iOS/Info.plist";
				IPHONEOS_DEPLOYMENT_TARGET = 14.4;
				LD_RUNPATH_SEARCH_PATHS = (
					"$(inherited)",
					"@executable_path/Frameworks",
					"@loader_path/Frameworks",
				);
				PRODUCT_BUNDLE_IDENTIFIER = "com.example.Tests-iOS";
				PRODUCT_NAME = "$(TARGET_NAME)";
				SDKROOT = iphoneos;
				SWIFT_VERSION = 5.0;
				TARGETED_DEVICE_FAMILY = "1,2";
				TEST_TARGET_NAME = "iExpense (iOS)";
			};
			name = Debug;
		};
		B9913C9C25E3454300C059DF /* Release */ = {
			isa = XCBuildConfiguration;
			buildSettings = {
				ALWAYS_EMBED_SWIFT_STANDARD_LIBRARIES = YES;
				CODE_SIGN_STYLE = Automatic;
				DEVELOPMENT_TEAM = MG77MU456K;
				INFOPLIST_FILE = "Tests iOS/Info.plist";
				IPHONEOS_DEPLOYMENT_TARGET = 14.4;
				LD_RUNPATH_SEARCH_PATHS = (
					"$(inherited)",
					"@executable_path/Frameworks",
					"@loader_path/Frameworks",
				);
				PRODUCT_BUNDLE_IDENTIFIER = "com.example.Tests-iOS";
				PRODUCT_NAME = "$(TARGET_NAME)";
				SDKROOT = iphoneos;
				SWIFT_VERSION = 5.0;
				TARGETED_DEVICE_FAMILY = "1,2";
				TEST_TARGET_NAME = "iExpense (iOS)";
				VALIDATE_PRODUCT = YES;
			};
			name = Release;
		};
		B9913C9E25E3454300C059DF /* Debug */ = {
			isa = XCBuildConfiguration;
			buildSettings = {
				ALWAYS_EMBED_SWIFT_STANDARD_LIBRARIES = YES;
				CODE_SIGN_STYLE = Automatic;
				COMBINE_HIDPI_IMAGES = YES;
				DEVELOPMENT_TEAM = MG77MU456K;
				INFOPLIST_FILE = "Tests macOS/Info.plist";
				LD_RUNPATH_SEARCH_PATHS = (
					"$(inherited)",
					"@executable_path/../Frameworks",
					"@loader_path/../Frameworks",
				);
				MACOSX_DEPLOYMENT_TARGET = 11.1;
				PRODUCT_BUNDLE_IDENTIFIER = "com.example.Tests-macOS";
				PRODUCT_NAME = "$(TARGET_NAME)";
				SDKROOT = macosx;
				SWIFT_VERSION = 5.0;
				TEST_TARGET_NAME = "iExpense (macOS)";
			};
			name = Debug;
		};
		B9913C9F25E3454300C059DF /* Release */ = {
			isa = XCBuildConfiguration;
			buildSettings = {
				ALWAYS_EMBED_SWIFT_STANDARD_LIBRARIES = YES;
				CODE_SIGN_STYLE = Automatic;
				COMBINE_HIDPI_IMAGES = YES;
				DEVELOPMENT_TEAM = MG77MU456K;
				INFOPLIST_FILE = "Tests macOS/Info.plist";
				LD_RUNPATH_SEARCH_PATHS = (
					"$(inherited)",
					"@executable_path/../Frameworks",
					"@loader_path/../Frameworks",
				);
				MACOSX_DEPLOYMENT_TARGET = 11.1;
				PRODUCT_BUNDLE_IDENTIFIER = "com.example.Tests-macOS";
				PRODUCT_NAME = "$(TARGET_NAME)";
				SDKROOT = macosx;
				SWIFT_VERSION = 5.0;
				TEST_TARGET_NAME = "iExpense (macOS)";
			};
			name = Release;
		};
/* End XCBuildConfiguration section */

/* Begin XCConfigurationList section */
		B9913C6125E3454200C059DF /* Build configuration list for PBXProject "iExpense" */ = {
			isa = XCConfigurationList;
			buildConfigurations = (
				B9913C9225E3454300C059DF /* Debug */,
				B9913C9325E3454300C059DF /* Release */,
			);
			defaultConfigurationIsVisible = 0;
			defaultConfigurationName = Release;
		};
		B9913C9425E3454300C059DF /* Build configuration list for PBXNativeTarget "iExpense (iOS)" */ = {
			isa = XCConfigurationList;
			buildConfigurations = (
				B9913C9525E3454300C059DF /* Debug */,
				B9913C9625E3454300C059DF /* Release */,
			);
			defaultConfigurationIsVisible = 0;
			defaultConfigurationName = Release;
		};
		B9913C9725E3454300C059DF /* Build configuration list for PBXNativeTarget "iExpense (macOS)" */ = {
			isa = XCConfigurationList;
			buildConfigurations = (
				B9913C9825E3454300C059DF /* Debug */,
				B9913C9925E3454300C059DF /* Release */,
			);
			defaultConfigurationIsVisible = 0;
			defaultConfigurationName = Release;
		};
		B9913C9A25E3454300C059DF /* Build configuration list for PBXNativeTarget "Tests iOS" */ = {
			isa = XCConfigurationList;
			buildConfigurations = (
				B9913C9B25E3454300C059DF /* Debug */,
				B9913C9C25E3454300C059DF /* Release */,
			);
			defaultConfigurationIsVisible = 0;
			defaultConfigurationName = Release;
		};
		B9913C9D25E3454300C059DF /* Build configuration list for PBXNativeTarget "Tests macOS" */ = {
			isa = XCConfigurationList;
			buildConfigurations = (
				B9913C9E25E3454300C059DF /* Debug */,
				B9913C9F25E3454300C059DF /* Release */,
			);
			defaultConfigurationIsVisible = 0;
			defaultConfigurationName = Release;
		};
/* End XCConfigurationList section */
	};
	rootObject = B9913C5E25E3454200C059DF /* Project object */;
}
